
Microsoft Visual Studio Solution File, Format Version 12.00
# Visual Studio Version 17
VisualStudioVersion = 17.3.32922.545
MinimumVisualStudioVersion = 10.0.40219.1
Project("{FAE04EC0-301F-11D3-BF4B-00C04F79EFBC}") = "Program1012", "Program1012\Program1012.csproj", "{58B95A0E-E23B-4B4F-AB68-4B4AD567E348}"
EndProject
Global
	GlobalSection(SolutionConfigurationPlatforms) = preSolution
		Debug|Any CPU = Debug|Any CPU
		Release|Any CPU = Release|Any CPU
	EndGlobalSection
	GlobalSection(ProjectConfigurationPlatforms) = postSolution
		{58B95A0E-E23B-4B4F-AB68-4B4AD567E348}.Debug|Any CPU.ActiveCfg = Debug|Any CPU
		{58B95A0E-E23B-4B4F-AB68-4B4AD567E348}.Debug|Any CPU.Build.0 = Debug|Any CPU
		{58B95A0E-E23B-4B4F-AB68-4B4AD567E348}.Release|Any CPU.ActiveCfg = Release|Any CPU
		{58B95A0E-E23B-4B4F-AB68-4B4AD567E348}.Release|Any CPU.Build.0 = Release|Any CPU
	EndGlobalSection
	GlobalSection(SolutionProperties) = preSolution
		HideSolutionNode = FALSE
	EndGlobalSection
	GlobalSection(ExtensibilityGlobals) = postSolution
		SolutionGuid = {DA082EAB-809A-4518-8BF7-A299B923DC67}
	EndGlobalSection
EndGlobal
