
Microsoft Visual Studio Solution File, Format Version 12.00
# Visual Studio Version 17
VisualStudioVersion = 17.3.32922.545
MinimumVisualStudioVersion = 10.0.40219.1
Project("{FAE04EC0-301F-11D3-BF4B-00C04F79EFBC}") = "Program1001", "Program1001\Program1001.csproj", "{2AB1DEE1-A209-4D3D-9A9E-D4EF5847C168}"
EndProject
Global
	GlobalSection(SolutionConfigurationPlatforms) = preSolution
		Debug|Any CPU = Debug|Any CPU
		Release|Any CPU = Release|Any CPU
	EndGlobalSection
	GlobalSection(ProjectConfigurationPlatforms) = postSolution
		{2AB1DEE1-A209-4D3D-9A9E-D4EF5847C168}.Debug|Any CPU.ActiveCfg = Debug|Any CPU
		{2AB1DEE1-A209-4D3D-9A9E-D4EF5847C168}.Debug|Any CPU.Build.0 = Debug|Any CPU
		{2AB1DEE1-A209-4D3D-9A9E-D4EF5847C168}.Release|Any CPU.ActiveCfg = Release|Any CPU
		{2AB1DEE1-A209-4D3D-9A9E-D4EF5847C168}.Release|Any CPU.Build.0 = Release|Any CPU
	EndGlobalSection
	GlobalSection(SolutionProperties) = preSolution
		HideSolutionNode = FALSE
	EndGlobalSection
	GlobalSection(ExtensibilityGlobals) = postSolution
		SolutionGuid = {31D248B8-9B64-4C8C-A899-9D3F6B65BF88}
	EndGlobalSection
EndGlobal
